
Microsoft Visual Studio Solution File, Format Version 12.00
# Visual Studio Version 16
VisualStudioVersion = 16.0.29102.190
MinimumVisualStudioVersion = 10.0.40219.1
Project("{FAE04EC0-301F-11D3-BF4B-00C04F79EFBC}") = "WpfBasics", "WpfBasics\WpfBasics.csproj", "{C470334E-26A8-4890-82D1-080B17B934B1}"
EndProject
Project("{FAE04EC0-301F-11D3-BF4B-00C04F79EFBC}") = "WpfTreeView", "WpfTreeView\WpfTreeView.csproj", "{3A83A2EB-4D6D-4D1B-AB39-CEA3D7026FE8}"
EndProject
Global
	GlobalSection(SolutionConfigurationPlatforms) = preSolution
		Debug|Any CPU = Debug|Any CPU
		Release|Any CPU = Release|Any CPU
	EndGlobalSection
	GlobalSection(ProjectConfigurationPlatforms) = postSolution
		{C470334E-26A8-4890-82D1-080B17B934B1}.Debug|Any CPU.ActiveCfg = Debug|Any CPU
		{C470334E-26A8-4890-82D1-080B17B934B1}.Debug|Any CPU.Build.0 = Debug|Any CPU
		{C470334E-26A8-4890-82D1-080B17B934B1}.Release|Any CPU.ActiveCfg = Release|Any CPU
		{C470334E-26A8-4890-82D1-080B17B934B1}.Release|Any CPU.Build.0 = Release|Any CPU
		{3A83A2EB-4D6D-4D1B-AB39-CEA3D7026FE8}.Debug|Any CPU.ActiveCfg = Debug|Any CPU
		{3A83A2EB-4D6D-4D1B-AB39-CEA3D7026FE8}.Debug|Any CPU.Build.0 = Debug|Any CPU
		{3A83A2EB-4D6D-4D1B-AB39-CEA3D7026FE8}.Release|Any CPU.ActiveCfg = Release|Any CPU
		{3A83A2EB-4D6D-4D1B-AB39-CEA3D7026FE8}.Release|Any CPU.Build.0 = Release|Any CPU
	EndGlobalSection
	GlobalSection(SolutionProperties) = preSolution
		HideSolutionNode = FALSE
	EndGlobalSection
	GlobalSection(ExtensibilityGlobals) = postSolution
		SolutionGuid = {7AA97241-9E9D-4CE2-9B4B-34E66944493D}
	EndGlobalSection
EndGlobal
